
Microsoft Visual Studio Solution File, Format Version 12.00
# Visual Studio 15
VisualStudioVersion = 15.0.28307.1259
MinimumVisualStudioVersion = 10.0.40219.1
Project("{FAE04EC0-301F-11D3-BF4B-00C04F79EFBC}") = "IteratorDesignPattern", "IteratorDesignPattern\IteratorDesignPattern.csproj", "{A175F6E5-329F-4621-9049-E9C3F9B2B5F6}"
EndProject
Global
	GlobalSection(SolutionConfigurationPlatforms) = preSolution
		Debug|Any CPU = Debug|Any CPU
		Release|Any CPU = Release|Any CPU
	EndGlobalSection
	GlobalSection(ProjectConfigurationPlatforms) = postSolution
		{A175F6E5-329F-4621-9049-E9C3F9B2B5F6}.Debug|Any CPU.ActiveCfg = Debug|Any CPU
		{A175F6E5-329F-4621-9049-E9C3F9B2B5F6}.Debug|Any CPU.Build.0 = Debug|Any CPU
		{A175F6E5-329F-4621-9049-E9C3F9B2B5F6}.Release|Any CPU.ActiveCfg = Release|Any CPU
		{A175F6E5-329F-4621-9049-E9C3F9B2B5F6}.Release|Any CPU.Build.0 = Release|Any CPU
	EndGlobalSection
	GlobalSection(SolutionProperties) = preSolution
		HideSolutionNode = FALSE
	EndGlobalSection
	GlobalSection(ExtensibilityGlobals) = postSolution
		SolutionGuid = {ADFF8414-98E8-4267-AA78-CE9E492EC5C1}
	EndGlobalSection
EndGlobal
